version: 1.0
shards:
  ameba:
    github: veelenga/ameba
    version: 0.8.0

  exception_page:
    github: crystal-loot/exception_page
    version: 0.1.1

  kemal:
    github: kemalcr/kemal
    commit: 9448360eac4273919c2bb6d2517a7234844aec2f

  kemal-flash:
    github: neovintage/kemal-flash
    commit: c0eb4e91573322f05ddf602abbfe748c1d2fd184

  kemal-session:
    github: kemalcr/kemal-session
    commit: bc720cca9c27e391b4b3fc32ae7cc23f4d3f3fdc

  kilt:
    github: jeromegn/kilt
    version: 0.4.0

  markd:
    github: icyleaf/markd
    commit: f9101c18ee7bbdb7bfb3c0e9d91e55473ac195ca

  radix:
    github: luislavena/radix
    version: 0.3.8

  slang:
    github: jeromegn/slang
    commit: f33c23be9d477a07627a124d0b79d6cdb7a9132e

  watchbird:
    github: Sauilitired/watchbird
    commit: ffac2957534899f8ec5fe29db9d48953e34d416a

