version: 1.0
shards:
  crystal-libgit2:
    github: puppetpies/crystal-libgit2
    commit: e6992b53f6af9c2bef0f1f4fcb4424ce6ada956b

  kemal:
    github: kemalcr/kemal
    commit: eb3e83d5903ce8f18d796a97ae200009fdf2c9a2

  kemal-session:
    github: kemalcr/kemal-session
    commit: bbef25f36fe6505d3221de9952f94a1023225b85

  kilt:
    github: jeromegn/kilt
    version: 0.4.0

  radix:
    github: luislavena/radix
    version: 0.3.8

  slang:
    github: jeromegn/slang
    commit: b817c89c7e5ae39562710c0d6c7f42cee685e14f

